
Microsoft Visual Studio Solution File, Format Version 12.00
# Visual Studio Version 16
VisualStudioVersion = 16.0.30717.126
MinimumVisualStudioVersion = 10.0.40219.1
Project("{9A19103F-16F7-4668-BE54-9A1E7A4F7556}") = "OrgAE.Tools", "OrgAE.Tools.csproj", "{D85282AE-2E41-4DD4-A0E1-3C410FE5798B}"
EndProject
Global
	GlobalSection(SolutionConfigurationPlatforms) = preSolution
		Debug|Any CPU = Debug|Any CPU
		Release|Any CPU = Release|Any CPU
	EndGlobalSection
	GlobalSection(ProjectConfigurationPlatforms) = postSolution
		{D85282AE-2E41-4DD4-A0E1-3C410FE5798B}.Debug|Any CPU.ActiveCfg = Debug|Any CPU
		{D85282AE-2E41-4DD4-A0E1-3C410FE5798B}.Debug|Any CPU.Build.0 = Debug|Any CPU
		{D85282AE-2E41-4DD4-A0E1-3C410FE5798B}.Release|Any CPU.ActiveCfg = Release|Any CPU
		{D85282AE-2E41-4DD4-A0E1-3C410FE5798B}.Release|Any CPU.Build.0 = Release|Any CPU
	EndGlobalSection
	GlobalSection(SolutionProperties) = preSolution
		HideSolutionNode = FALSE
	EndGlobalSection
	GlobalSection(ExtensibilityGlobals) = postSolution
		SolutionGuid = {CD9B3F90-2A2D-4519-9DD7-26E909A22DB2}
	EndGlobalSection
EndGlobal
